{
  "object": {
    "pins": [
      {
        "package": "Printer",
        "repositoryURL": "https://github.com/KevinGong2013/Printer",
        "state": {
          "branch": "master",
          "revision": "91d2e1355d8767660acede91534e193c0a21fb2e",
          "version": null
        }
      }
    ]
  },
  "version": 1
}
